
Microsoft Visual Studio Solution File, Format Version 12.00
# Visual Studio 2012
Project("{2150E333-8FDC-42A3-9474-1A3956D46DE8}") = ".nuget", ".nuget", "{781B19E3-47EF-4A88-8F67-35BBA654B563}"
	ProjectSection(SolutionItems) = preProject
		.nuget\NuGet.Config = .nuget\NuGet.Config
		.nuget\NuGet.exe = .nuget\NuGet.exe
		.nuget\NuGet.targets = .nuget\NuGet.targets
	EndProjectSection
EndProject
Project("{2150E333-8FDC-42A3-9474-1A3956D46DE8}") = "tests", "tests", "{C0BAA468-9EA0-4176-B9FD-151A0A8DF798}"
EndProject
Project("{2150E333-8FDC-42A3-9474-1A3956D46DE8}") = "samples", "samples", "{49EB18BE-1A16-4D27-A023-8917A910AAD3}"
EndProject
Project("{2150E333-8FDC-42A3-9474-1A3956D46DE8}") = ".build", ".build", "{53DD1FBD-BD6F-44C3-A41E-2E2A0E4C8956}"
	ProjectSection(SolutionItems) = preProject
		Build.proj = Build.proj
		.build\MSBuild.Community.Tasks.dll = .build\MSBuild.Community.Tasks.dll
		.build\MSBuild.Community.Tasks.targets = .build\MSBuild.Community.Tasks.targets
	EndProjectSection
EndProject
Project("{FAE04EC0-301F-11D3-BF4B-00C04F79EFBC}") = "EndGate.Core.JS", "EndGate.Core.JS\EndGate.Core.JS.csproj", "{BDAADAAA-4DD3-4FAA-891C-BD70C442B3BB}"
EndProject
Project("{FAE04EC0-301F-11D3-BF4B-00C04F79EFBC}") = "EndGate.Core.JS.Samples", "samples\EndGate.Core.JS.Samples\EndGate.Core.JS.Samples.csproj", "{18E0BCCA-FA90-41A4-A6C4-073D30071FD9}"
	ProjectSection(ProjectDependencies) = postProject
		{BDAADAAA-4DD3-4FAA-891C-BD70C442B3BB} = {BDAADAAA-4DD3-4FAA-891C-BD70C442B3BB}
	EndProjectSection
EndProject
Project("{FAE04EC0-301F-11D3-BF4B-00C04F79EFBC}") = "EndGate.Core.JS.Tests", "tests\EndGate.Core.JS.Tests\EndGate.Core.JS.Tests.csproj", "{95189D2C-5919-4DFD-A243-EEAD6DFF401D}"
	ProjectSection(ProjectDependencies) = postProject
		{BDAADAAA-4DD3-4FAA-891C-BD70C442B3BB} = {BDAADAAA-4DD3-4FAA-891C-BD70C442B3BB}
	EndProjectSection
EndProject
Global
	GlobalSection(SolutionConfigurationPlatforms) = preSolution
		Debug|Any CPU = Debug|Any CPU
		Release|Any CPU = Release|Any CPU
	EndGlobalSection
	GlobalSection(ProjectConfigurationPlatforms) = postSolution
		{BDAADAAA-4DD3-4FAA-891C-BD70C442B3BB}.Debug|Any CPU.ActiveCfg = Debug|Any CPU
		{BDAADAAA-4DD3-4FAA-891C-BD70C442B3BB}.Debug|Any CPU.Build.0 = Debug|Any CPU
		{BDAADAAA-4DD3-4FAA-891C-BD70C442B3BB}.Release|Any CPU.ActiveCfg = Release|Any CPU
		{BDAADAAA-4DD3-4FAA-891C-BD70C442B3BB}.Release|Any CPU.Build.0 = Release|Any CPU
		{18E0BCCA-FA90-41A4-A6C4-073D30071FD9}.Debug|Any CPU.ActiveCfg = Debug|Any CPU
		{18E0BCCA-FA90-41A4-A6C4-073D30071FD9}.Debug|Any CPU.Build.0 = Debug|Any CPU
		{18E0BCCA-FA90-41A4-A6C4-073D30071FD9}.Release|Any CPU.ActiveCfg = Release|Any CPU
		{18E0BCCA-FA90-41A4-A6C4-073D30071FD9}.Release|Any CPU.Build.0 = Release|Any CPU
		{95189D2C-5919-4DFD-A243-EEAD6DFF401D}.Debug|Any CPU.ActiveCfg = Debug|Any CPU
		{95189D2C-5919-4DFD-A243-EEAD6DFF401D}.Debug|Any CPU.Build.0 = Debug|Any CPU
		{95189D2C-5919-4DFD-A243-EEAD6DFF401D}.Release|Any CPU.ActiveCfg = Release|Any CPU
		{95189D2C-5919-4DFD-A243-EEAD6DFF401D}.Release|Any CPU.Build.0 = Release|Any CPU
	EndGlobalSection
	GlobalSection(SolutionProperties) = preSolution
		HideSolutionNode = FALSE
	EndGlobalSection
	GlobalSection(NestedProjects) = preSolution
		{95189D2C-5919-4DFD-A243-EEAD6DFF401D} = {C0BAA468-9EA0-4176-B9FD-151A0A8DF798}
		{18E0BCCA-FA90-41A4-A6C4-073D30071FD9} = {49EB18BE-1A16-4D27-A023-8917A910AAD3}
	EndGlobalSection
EndGlobal
