
Microsoft Visual Studio Solution File, Format Version 12.00
# Visual Studio 2012
Project("{2150E333-8FDC-42A3-9474-1A3956D46DE8}") = ".nuget", ".nuget", "{781B19E3-47EF-4A88-8F67-35BBA654B563}"
	ProjectSection(SolutionItems) = preProject
		.nuget\NuGet.Config = .nuget\NuGet.Config
		.nuget\NuGet.exe = .nuget\NuGet.exe
		.nuget\NuGet.targets = .nuget\NuGet.targets
	EndProjectSection
EndProject
Project("{2150E333-8FDC-42A3-9474-1A3956D46DE8}") = "tests", "tests", "{C0BAA468-9EA0-4176-B9FD-151A0A8DF798}"
EndProject
Project("{2150E333-8FDC-42A3-9474-1A3956D46DE8}") = "samples", "samples", "{49EB18BE-1A16-4D27-A023-8917A910AAD3}"
EndProject
Project("{FAE04EC0-301F-11D3-BF4B-00C04F79EFBC}") = "EndGate.Core.JS", "EndGate.Core.JS\EndGate.Core.JS.csproj", "{BDAADAAA-4DD3-4FAA-891C-BD70C442B3BB}"
EndProject
Project("{FAE04EC0-301F-11D3-BF4B-00C04F79EFBC}") = "EndGate.Core.JS.Tests", "tests\EndGate.Core.JS.Tests\EndGate.Core.JS.Tests.csproj", "{95189D2C-5919-4DFD-A243-EEAD6DFF401D}"
	ProjectSection(ProjectDependencies) = postProject
		{BDAADAAA-4DD3-4FAA-891C-BD70C442B3BB} = {BDAADAAA-4DD3-4FAA-891C-BD70C442B3BB}
	EndProjectSection
EndProject
Project("{FAE04EC0-301F-11D3-BF4B-00C04F79EFBC}") = "EndGate.Core.JS.Samples", "samples\EndGate.Core.JS.Samples\EndGate.Core.JS.Samples.csproj", "{6FB8F9C4-0785-49E3-A77A-930789F61281}"
	ProjectSection(ProjectDependencies) = postProject
		{BDAADAAA-4DD3-4FAA-891C-BD70C442B3BB} = {BDAADAAA-4DD3-4FAA-891C-BD70C442B3BB}
	EndProjectSection
EndProject
Project("{2150E333-8FDC-42A3-9474-1A3956D46DE8}") = "build", "build", "{3B69DE52-9F6F-4DAD-9467-A32CBC7EBB4C}"
	ProjectSection(SolutionItems) = preProject
		build\Build.proj = build\Build.proj
		build\EndGate.Versions.targets = build\EndGate.Versions.targets
		build\Microsoft.TypeScript.targets = build\Microsoft.TypeScript.targets
		build\MSBuild.Community.Tasks.dll = build\MSBuild.Community.Tasks.dll
		build\MSBuild.Community.Tasks.targets = build\MSBuild.Community.Tasks.targets
	EndProjectSection
EndProject
Project("{2150E333-8FDC-42A3-9474-1A3956D46DE8}") = "common", "common", "{F3427B2B-82E6-4F98-869C-38F199FBF55B}"
	ProjectSection(SolutionItems) = preProject
		common\EndGate.Common.targets = common\EndGate.Common.targets
	EndProjectSection
EndProject
Project("{2150E333-8FDC-42A3-9474-1A3956D46DE8}") = "Solution Items", "Solution Items", "{2F13F53F-4C29-43C1-827E-403CB155197E}"
	ProjectSection(SolutionItems) = preProject
		Gruntfile.js = Gruntfile.js
		package.json = package.json
	EndProjectSection
EndProject
Global
	GlobalSection(SolutionConfigurationPlatforms) = preSolution
		Debug|Any CPU = Debug|Any CPU
		Release|Any CPU = Release|Any CPU
	EndGlobalSection
	GlobalSection(ProjectConfigurationPlatforms) = postSolution
		{BDAADAAA-4DD3-4FAA-891C-BD70C442B3BB}.Debug|Any CPU.ActiveCfg = Debug|Any CPU
		{BDAADAAA-4DD3-4FAA-891C-BD70C442B3BB}.Debug|Any CPU.Build.0 = Debug|Any CPU
		{BDAADAAA-4DD3-4FAA-891C-BD70C442B3BB}.Release|Any CPU.ActiveCfg = Release|Any CPU
		{BDAADAAA-4DD3-4FAA-891C-BD70C442B3BB}.Release|Any CPU.Build.0 = Release|Any CPU
		{95189D2C-5919-4DFD-A243-EEAD6DFF401D}.Debug|Any CPU.ActiveCfg = Debug|Any CPU
		{95189D2C-5919-4DFD-A243-EEAD6DFF401D}.Debug|Any CPU.Build.0 = Debug|Any CPU
		{95189D2C-5919-4DFD-A243-EEAD6DFF401D}.Release|Any CPU.ActiveCfg = Release|Any CPU
		{95189D2C-5919-4DFD-A243-EEAD6DFF401D}.Release|Any CPU.Build.0 = Release|Any CPU
		{6FB8F9C4-0785-49E3-A77A-930789F61281}.Debug|Any CPU.ActiveCfg = Debug|Any CPU
		{6FB8F9C4-0785-49E3-A77A-930789F61281}.Debug|Any CPU.Build.0 = Debug|Any CPU
		{6FB8F9C4-0785-49E3-A77A-930789F61281}.Release|Any CPU.ActiveCfg = Release|Any CPU
		{6FB8F9C4-0785-49E3-A77A-930789F61281}.Release|Any CPU.Build.0 = Release|Any CPU
	EndGlobalSection
	GlobalSection(SolutionProperties) = preSolution
		HideSolutionNode = FALSE
	EndGlobalSection
	GlobalSection(NestedProjects) = preSolution
		{95189D2C-5919-4DFD-A243-EEAD6DFF401D} = {C0BAA468-9EA0-4176-B9FD-151A0A8DF798}
		{6FB8F9C4-0785-49E3-A77A-930789F61281} = {49EB18BE-1A16-4D27-A023-8917A910AAD3}
	EndGlobalSection
EndGlobal
